
Microsoft Visual Studio Solution File, Format Version 12.00
# Visual Studio Version 16
VisualStudioVersion = 16.0.31313.79
MinimumVisualStudioVersion = 10.0.40219.1
Project("{FAE04EC0-301F-11D3-BF4B-00C04F79EFBC}") = "SandBox", "SandBox\SandBox.csproj", "{3E3ACE6A-C22F-4A46-BF01-5D90852E0F49}"
EndProject
Project("{2150E333-8FDC-42A3-9474-1A3956D46DE8}") = "UtilSoftware", "UtilSoftware", "{24BD35D3-31F8-4555-81A2-8948F9C988B4}"
EndProject
Global
	GlobalSection(SolutionConfigurationPlatforms) = preSolution
		Debug|Any CPU = Debug|Any CPU
		Release|Any CPU = Release|Any CPU
	EndGlobalSection
	GlobalSection(ProjectConfigurationPlatforms) = postSolution
		{3E3ACE6A-C22F-4A46-BF01-5D90852E0F49}.Debug|Any CPU.ActiveCfg = Debug|Any CPU
		{3E3ACE6A-C22F-4A46-BF01-5D90852E0F49}.Debug|Any CPU.Build.0 = Debug|Any CPU
		{3E3ACE6A-C22F-4A46-BF01-5D90852E0F49}.Release|Any CPU.ActiveCfg = Release|Any CPU
		{3E3ACE6A-C22F-4A46-BF01-5D90852E0F49}.Release|Any CPU.Build.0 = Release|Any CPU
	EndGlobalSection
	GlobalSection(SolutionProperties) = preSolution
		HideSolutionNode = FALSE
	EndGlobalSection
	GlobalSection(ExtensibilityGlobals) = postSolution
		SolutionGuid = {38F984A2-5A61-4DFC-A2B9-BFFF6555FDE3}
	EndGlobalSection
EndGlobal
